{
  "name": "Edith_site",
  "lockfileVersion": 3,
  "requires": true,
  "packages": {
    "": {
      "dependencies": {
        "@fortawesome/fontawesome-free": "^7.2.0",
        "recaptcha-v3": "^1.11.3"
      }
    },
    "node_modules/@fortawesome/fontawesome-free": {
      "version": "7.2.0",
      "resolved": "https://registry.npmjs.org/@fortawesome/fontawesome-free/-/fontawesome-free-7.2.0.tgz",
      "integrity": "sha512-3DguDv/oUE+7vjMeTSOjCSG+KeawgVQOHrKRnvUuqYh1mfArrh7s+s8hXW3e4RerBA1+Wh+hBqf8sJNpqNrBWg==",
      "license": "(CC-BY-4.0 AND OFL-1.1 AND MIT)",
      "engines": {
        "node": ">=6"
      }
    },
    "node_modules/recaptcha-v3": {
      "version": "1.11.3",
      "resolved": "https://registry.npmjs.org/recaptcha-v3/-/recaptcha-v3-1.11.3.tgz",
      "integrity": "sha512-sEE6J0RzUkS+sKEBpgCD/AqCU0ffrAVOADGjvAx9vcttN+VLK42SWMkj/J/I6vHu3Kew+xcfbBqDVb65N0QGDw==",
      "license": "Apache-2.0"
    }
  }
}
